// !$*UTF8*$!
{
	archiveVersion = 1;
	classes = {
	};
	objectVersion = 50;
	objects = {

/* Begin PBXBuildFile section */
		ABAB70A0242196250030D85C /* AppDelegate.swift in Sources */ = {isa = PBXBuildFile; fileRef = ABAB709F242196250030D85C /* AppDelegate.swift */; };
		ABAB70A7242196250030D85C /* Main.storyboard in Resources */ = {isa = PBXBuildFile; fileRef = ABAB70A5242196250030D85C /* Main.storyboard */; };
		ABAB70A9242196250030D85C /* Assets.xcassets in Resources */ = {isa = PBXBuildFile; fileRef = ABAB70A8242196250030D85C /* Assets.xcassets */; };
		ABAB70AC242196250030D85C /* LaunchScreen.storyboard in Resources */ = {isa = PBXBuildFile; fileRef = ABAB70AA242196250030D85C /* LaunchScreen.storyboard */; };
		ABAB70B4242197B30030D85C /* MapViewController.swift in Sources */ = {isa = PBXBuildFile; fileRef = ABAB70B3242197B30030D85C /* MapViewController.swift */; };
		ABAB70B6242197F60030D85C /* AlbumViewController.swift in Sources */ = {isa = PBXBuildFile; fileRef = ABAB70B5242197F60030D85C /* AlbumViewController.swift */; };
		ABAB70B9242198350030D85C /* DataController.swift in Sources */ = {isa = PBXBuildFile; fileRef = ABAB70B8242198350030D85C /* DataController.swift */; };
		ABAB70BD2421A44C0030D85C /* FlickerClient.swift in Sources */ = {isa = PBXBuildFile; fileRef = ABAB70BC2421A44C0030D85C /* FlickerClient.swift */; };
		ABAB70C62421C2E70030D85C /* VirtualTourist.xcdatamodeld in Sources */ = {isa = PBXBuildFile; fileRef = ABAB70C42421C2E70030D85C /* VirtualTourist.xcdatamodeld */; };
		ABAB71152422A8910030D85C /* FlickrResponse.swift in Sources */ = {isa = PBXBuildFile; fileRef = ABAB71142422A8910030D85C /* FlickrResponse.swift */; };
		ABAB711724231DED0030D85C /* PhotoCell.swift in Sources */ = {isa = PBXBuildFile; fileRef = ABAB711624231DED0030D85C /* PhotoCell.swift */; };
		ABAB711924231E210030D85C /* PhotoCell.xib in Resources */ = {isa = PBXBuildFile; fileRef = ABAB711824231E210030D85C /* PhotoCell.xib */; };
/* End PBXBuildFile section */

/* Begin PBXFileReference section */
		ABAB709C242196250030D85C /* VirtualTourist-Udacity.app */ = {isa = PBXFileReference; explicitFileType = wrapper.application; includeInIndex = 0; path = "VirtualTourist-Udacity.app"; sourceTree = BUILT_PRODUCTS_DIR; };
		ABAB709F242196250030D85C /* AppDelegate.swift */ = {isa = PBXFileReference; lastKnownFileType = sourcecode.swift; path = AppDelegate.swift; sourceTree = "<group>"; };
		ABAB70A6242196250030D85C /* Base */ = {isa = PBXFileReference; lastKnownFileType = file.storyboard; name = Base; path = Base.lproj/Main.storyboard; sourceTree = "<group>"; };
		ABAB70A8242196250030D85C /* Assets.xcassets */ = {isa = PBXFileReference; lastKnownFileType = folder.assetcatalog; path = Assets.xcassets; sourceTree = "<group>"; };
		ABAB70AB242196250030D85C /* Base */ = {isa = PBXFileReference; lastKnownFileType = file.storyboard; name = Base; path = Base.lproj/LaunchScreen.storyboard; sourceTree = "<group>"; };
		ABAB70AD242196250030D85C /* Info.plist */ = {isa = PBXFileReference; lastKnownFileType = text.plist.xml; path = Info.plist; sourceTree = "<group>"; };
		ABAB70B3242197B30030D85C /* MapViewController.swift */ = {isa = PBXFileReference; lastKnownFileType = sourcecode.swift; path = MapViewController.swift; sourceTree = "<group>"; };
		ABAB70B5242197F60030D85C /* AlbumViewController.swift */ = {isa = PBXFileReference; lastKnownFileType = sourcecode.swift; path = AlbumViewController.swift; sourceTree = "<group>"; };
		ABAB70B8242198350030D85C /* DataController.swift */ = {isa = PBXFileReference; lastKnownFileType = sourcecode.swift; path = DataController.swift; sourceTree = "<group>"; };
		ABAB70BC2421A44C0030D85C /* FlickerClient.swift */ = {isa = PBXFileReference; lastKnownFileType = sourcecode.swift; path = FlickerClient.swift; sourceTree = "<group>"; };
		ABAB70C52421C2E70030D85C /* VirtualTourist.xcdatamodel */ = {isa = PBXFileReference; lastKnownFileType = wrapper.xcdatamodel; path = VirtualTourist.xcdatamodel; sourceTree = "<group>"; };
		ABAB71142422A8910030D85C /* FlickrResponse.swift */ = {isa = PBXFileReference; lastKnownFileType = sourcecode.swift; path = FlickrResponse.swift; sourceTree = "<group>"; };
		ABAB711624231DED0030D85C /* PhotoCell.swift */ = {isa = PBXFileReference; lastKnownFileType = sourcecode.swift; path = PhotoCell.swift; sourceTree = "<group>"; };
		ABAB711824231E210030D85C /* PhotoCell.xib */ = {isa = PBXFileReference; lastKnownFileType = file.xib; path = PhotoCell.xib; sourceTree = "<group>"; };
/* End PBXFileReference section */

/* Begin PBXFrameworksBuildPhase section */
		ABAB7099242196250030D85C /* Frameworks */ = {
			isa = PBXFrameworksBuildPhase;
			buildActionMask = 2147483647;
			files = (
			);
			runOnlyForDeploymentPostprocessing = 0;
		};
/* End PBXFrameworksBuildPhase section */

/* Begin PBXGroup section */
		ABAB7093242196250030D85C = {
			isa = PBXGroup;
			children = (
				ABAB709E242196250030D85C /* VirtualTourist-Udacity */,
				ABAB709D242196250030D85C /* Products */,
			);
			sourceTree = "<group>";
		};
		ABAB709D242196250030D85C /* Products */ = {
			isa = PBXGroup;
			children = (
				ABAB709C242196250030D85C /* VirtualTourist-Udacity.app */,
			);
			name = Products;
			sourceTree = "<group>";
		};
		ABAB709E242196250030D85C /* VirtualTourist-Udacity */ = {
			isa = PBXGroup;
			children = (
				ABAB70BB2421A4420030D85C /* Networking */,
				ABAB70BA2421A4300030D85C /* Controller */,
				ABAB70B7242198260030D85C /* Model */,
				ABAB709F242196250030D85C /* AppDelegate.swift */,
				ABAB70A5242196250030D85C /* Main.storyboard */,
				ABAB70A8242196250030D85C /* Assets.xcassets */,
				ABAB70AA242196250030D85C /* LaunchScreen.storyboard */,
				ABAB70AD242196250030D85C /* Info.plist */,
			);
			path = "VirtualTourist-Udacity";
			sourceTree = "<group>";
		};
		ABAB70B7242198260030D85C /* Model */ = {
			isa = PBXGroup;
			children = (
				ABAB70C42421C2E70030D85C /* VirtualTourist.xcdatamodeld */,
				ABAB70B8242198350030D85C /* DataController.swift */,
				ABAB71142422A8910030D85C /* FlickrResponse.swift */,
			);
			path = Model;
			sourceTree = "<group>";
		};
		ABAB70BA2421A4300030D85C /* Controller */ = {
			isa = PBXGroup;
			children = (
				ABAB70B3242197B30030D85C /* MapViewController.swift */,
				ABAB70B5242197F60030D85C /* AlbumViewController.swift */,
				ABAB711624231DED0030D85C /* PhotoCell.swift */,
				ABAB711824231E210030D85C /* PhotoCell.xib */,
			);
			path = Controller;
			sourceTree = "<group>";
		};
		ABAB70BB2421A4420030D85C /* Networking */ = {
			isa = PBXGroup;
			children = (
				ABAB70BC2421A44C0030D85C /* FlickerClient.swift */,
			);
			path = Networking;
			sourceTree = "<group>";
		};
/* End PBXGroup section */

/* Begin PBXNativeTarget section */
		ABAB709B242196250030D85C /* VirtualTourist-Udacity */ = {
			isa = PBXNativeTarget;
			buildConfigurationList = ABAB70B0242196250030D85C /* Build configuration list for PBXNativeTarget "VirtualTourist-Udacity" */;
			buildPhases = (
				ABAB7098242196250030D85C /* Sources */,
				ABAB7099242196250030D85C /* Frameworks */,
				ABAB709A242196250030D85C /* Resources */,
			);
			buildRules = (
			);
			dependencies = (
			);
			name = "VirtualTourist-Udacity";
			productName = "VirtualTourist-Udacity";
			productReference = ABAB709C242196250030D85C /* VirtualTourist-Udacity.app */;
			productType = "com.apple.product-type.application";
		};
/* End PBXNativeTarget section */

/* Begin PBXProject section */
		ABAB7094242196250030D85C /* Project object */ = {
			isa = PBXProject;
			attributes = {
				LastSwiftUpdateCheck = 1130;
				LastUpgradeCheck = 1130;
				ORGANIZATIONNAME = "Xcode Tips";
				TargetAttributes = {
					ABAB709B242196250030D85C = {
						CreatedOnToolsVersion = 11.3.1;
					};
				};
			};
			buildConfigurationList = ABAB7097242196250030D85C /* Build configuration list for PBXProject "VirtualTourist-Udacity" */;
			compatibilityVersion = "Xcode 9.3";
			developmentRegion = en;
			hasScannedForEncodings = 0;
			knownRegions = (
				en,
				Base,
			);
			mainGroup = ABAB7093242196250030D85C;
			productRefGroup = ABAB709D242196250030D85C /* Products */;
			projectDirPath = "";
			projectRoot = "";
			targets = (
				ABAB709B242196250030D85C /* VirtualTourist-Udacity */,
			);
		};
/* End PBXProject section */

/* Begin PBXResourcesBuildPhase section */
		ABAB709A242196250030D85C /* Resources */ = {
			isa = PBXResourcesBuildPhase;
			buildActionMask = 2147483647;
			files = (
				ABAB711924231E210030D85C /* PhotoCell.xib in Resources */,
				ABAB70AC242196250030D85C /* LaunchScreen.storyboard in Resources */,
				ABAB70A9242196250030D85C /* Assets.xcassets in Resources */,
				ABAB70A7242196250030D85C /* Main.storyboard in Resources */,
			);
			runOnlyForDeploymentPostprocessing = 0;
		};
/* End PBXResourcesBuildPhase section */

/* Begin PBXSourcesBuildPhase section */
		ABAB7098242196250030D85C /* Sources */ = {
			isa = PBXSourcesBuildPhase;
			buildActionMask = 2147483647;
			files = (
				ABAB70B9242198350030D85C /* DataController.swift in Sources */,
				ABAB71152422A8910030D85C /* FlickrResponse.swift in Sources */,
				ABAB70C62421C2E70030D85C /* VirtualTourist.xcdatamodeld in Sources */,
				ABAB711724231DED0030D85C /* PhotoCell.swift in Sources */,
				ABAB70BD2421A44C0030D85C /* FlickerClient.swift in Sources */,
				ABAB70B6242197F60030D85C /* AlbumViewController.swift in Sources */,
				ABAB70A0242196250030D85C /* AppDelegate.swift in Sources */,
				ABAB70B4242197B30030D85C /* MapViewController.swift in Sources */,
			);
			runOnlyForDeploymentPostprocessing = 0;
		};
/* End PBXSourcesBuildPhase section */

/* Begin PBXVariantGroup section */
		ABAB70A5242196250030D85C /* Main.storyboard */ = {
			isa = PBXVariantGroup;
			children = (
				ABAB70A6242196250030D85C /* Base */,
			);
			name = Main.storyboard;
			sourceTree = "<group>";
		};
		ABAB70AA242196250030D85C /* LaunchScreen.storyboard */ = {
			isa = PBXVariantGroup;
			children = (
				ABAB70AB242196250030D85C /* Base */,
			);
			name = LaunchScreen.storyboard;
			sourceTree = "<group>";
		};
/* End PBXVariantGroup section */

/* Begin XCBuildConfiguration section */
		ABAB70AE242196250030D85C /* Debug */ = {
			isa = XCBuildConfiguration;
			buildSettings = {
				ALWAYS_SEARCH_USER_PATHS = NO;
				CLANG_ANALYZER_NONNULL = YES;
				CLANG_ANALYZER_NUMBER_OBJECT_CONVERSION = YES_AGGRESSIVE;
				CLANG_CXX_LANGUAGE_STANDARD = "gnu++14";
				CLANG_CXX_LIBRARY = "libc++";
				CLANG_ENABLE_MODULES = YES;
				CLANG_ENABLE_OBJC_ARC = YES;
				CLANG_ENABLE_OBJC_WEAK = YES;
				CLANG_WARN_BLOCK_CAPTURE_AUTORELEASING = YES;
				CLANG_WARN_BOOL_CONVERSION = YES;
				CLANG_WARN_COMMA = YES;
				CLANG_WARN_CONSTANT_CONVERSION = YES;
				CLANG_WARN_DEPRECATED_OBJC_IMPLEMENTATIONS = YES;
				CLANG_WARN_DIRECT_OBJC_ISA_USAGE = YES_ERROR;
				CLANG_WARN_DOCUMENTATION_COMMENTS = YES;
				CLANG_WARN_EMPTY_BODY = YES;
				CLANG_WARN_ENUM_CONVERSION = YES;
				CLANG_WARN_INFINITE_RECURSION = YES;
				CLANG_WARN_INT_CONVERSION = YES;
				CLANG_WARN_NON_LITERAL_NULL_CONVERSION = YES;
				CLANG_WARN_OBJC_IMPLICIT_RETAIN_SELF = YES;
				CLANG_WARN_OBJC_LITERAL_CONVERSION = YES;
				CLANG_WARN_OBJC_ROOT_CLASS = YES_ERROR;
				CLANG_WARN_RANGE_LOOP_ANALYSIS = YES;
				CLANG_WARN_STRICT_PROTOTYPES = YES;
				CLANG_WARN_SUSPICIOUS_MOVE = YES;
				CLANG_WARN_UNGUARDED_AVAILABILITY = YES_AGGRESSIVE;
				CLANG_WARN_UNREACHABLE_CODE = YES;
				CLANG_WARN__DUPLICATE_METHOD_MATCH = YES;
				COPY_PHASE_STRIP = NO;
				DEBUG_INFORMATION_FORMAT = dwarf;
				ENABLE_STRICT_OBJC_MSGSEND = YES;
				ENABLE_TESTABILITY = YES;
				GCC_C_LANGUAGE_STANDARD = gnu11;
				GCC_DYNAMIC_NO_PIC = NO;
				GCC_NO_COMMON_BLOCKS = YES;
				GCC_OPTIMIZATION_LEVEL = 0;
				GCC_PREPROCESSOR_DEFINITIONS = (
					"DEBUG=1",
					"$(inherited)",
				);
				GCC_WARN_64_TO_32_BIT_CONVERSION = YES;
				GCC_WARN_ABOUT_RETURN_TYPE = YES_ERROR;
				GCC_WARN_UNDECLARED_SELECTOR = YES;
				GCC_WARN_UNINITIALIZED_AUTOS = YES_AGGRESSIVE;
				GCC_WARN_UNUSED_FUNCTION = YES;
				GCC_WARN_UNUSED_VARIABLE = YES;
				IPHONEOS_DEPLOYMENT_TARGET = 13.2;
				MTL_ENABLE_DEBUG_INFO = INCLUDE_SOURCE;
				MTL_FAST_MATH = YES;
				ONLY_ACTIVE_ARCH = YES;
				SDKROOT = iphoneos;
				SWIFT_ACTIVE_COMPILATION_CONDITIONS = DEBUG;
				SWIFT_OPTIMIZATION_LEVEL = "-Onone";
			};
			name = Debug;
		};
		ABAB70AF242196250030D85C /* Release */ = {
			isa = XCBuildConfiguration;
			buildSettings = {
				ALWAYS_SEARCH_USER_PATHS = NO;
				CLANG_ANALYZER_NONNULL = YES;
				CLANG_ANALYZER_NUMBER_OBJECT_CONVERSION = YES_AGGRESSIVE;
				CLANG_CXX_LANGUAGE_STANDARD = "gnu++14";
				CLANG_CXX_LIBRARY = "libc++";
				CLANG_ENABLE_MODULES = YES;
				CLANG_ENABLE_OBJC_ARC = YES;
				CLANG_ENABLE_OBJC_WEAK = YES;
				CLANG_WARN_BLOCK_CAPTURE_AUTORELEASING = YES;
				CLANG_WARN_BOOL_CONVERSION = YES;
				CLANG_WARN_COMMA = YES;
				CLANG_WARN_CONSTANT_CONVERSION = YES;
				CLANG_WARN_DEPRECATED_OBJC_IMPLEMENTATIONS = YES;
				CLANG_WARN_DIRECT_OBJC_ISA_USAGE = YES_ERROR;
				CLANG_WARN_DOCUMENTATION_COMMENTS = YES;
				CLANG_WARN_EMPTY_BODY = YES;
				CLANG_WARN_ENUM_CONVERSION = YES;
				CLANG_WARN_INFINITE_RECURSION = YES;
				CLANG_WARN_INT_CONVERSION = YES;
				CLANG_WARN_NON_LITERAL_NULL_CONVERSION = YES;
				CLANG_WARN_OBJC_IMPLICIT_RETAIN_SELF = YES;
				CLANG_WARN_OBJC_LITERAL_CONVERSION = YES;
				CLANG_WARN_OBJC_ROOT_CLASS = YES_ERROR;
				CLANG_WARN_RANGE_LOOP_ANALYSIS = YES;
				CLANG_WARN_STRICT_PROTOTYPES = YES;
				CLANG_WARN_SUSPICIOUS_MOVE = YES;
				CLANG_WARN_UNGUARDED_AVAILABILITY = YES_AGGRESSIVE;
				CLANG_WARN_UNREACHABLE_CODE = YES;
				CLANG_WARN__DUPLICATE_METHOD_MATCH = YES;
				COPY_PHASE_STRIP = NO;
				DEBUG_INFORMATION_FORMAT = "dwarf-with-dsym";
				ENABLE_NS_ASSERTIONS = NO;
				ENABLE_STRICT_OBJC_MSGSEND = YES;
				GCC_C_LANGUAGE_STANDARD = gnu11;
				GCC_NO_COMMON_BLOCKS = YES;
				GCC_WARN_64_TO_32_BIT_CONVERSION = YES;
				GCC_WARN_ABOUT_RETURN_TYPE = YES_ERROR;
				GCC_WARN_UNDECLARED_SELECTOR = YES;
				GCC_WARN_UNINITIALIZED_AUTOS = YES_AGGRESSIVE;
				GCC_WARN_UNUSED_FUNCTION = YES;
				GCC_WARN_UNUSED_VARIABLE = YES;
				IPHONEOS_DEPLOYMENT_TARGET = 13.2;
				MTL_ENABLE_DEBUG_INFO = NO;
				MTL_FAST_MATH = YES;
				SDKROOT = iphoneos;
				SWIFT_COMPILATION_MODE = wholemodule;
				SWIFT_OPTIMIZATION_LEVEL = "-O";
				VALIDATE_PRODUCT = YES;
			};
			name = Release;
		};
		ABAB70B1242196250030D85C /* Debug */ = {
			isa = XCBuildConfiguration;
			buildSettings = {
				ASSETCATALOG_COMPILER_APPICON_NAME = AppIcon;
				CODE_SIGN_STYLE = Automatic;
				DEVELOPMENT_TEAM = J36XH69Z83;
				INFOPLIST_FILE = "VirtualTourist-Udacity/Info.plist";
				LD_RUNPATH_SEARCH_PATHS = (
					"$(inherited)",
					"@executable_path/Frameworks",
				);
				PRODUCT_BUNDLE_IDENTIFIER = "com.xcodetips.VirtualTourist-Udacity";
				PRODUCT_NAME = "$(TARGET_NAME)";
				SWIFT_VERSION = 5.0;
				TARGETED_DEVICE_FAMILY = "1,2";
			};
			name = Debug;
		};
		ABAB70B2242196250030D85C /* Release */ = {
			isa = XCBuildConfiguration;
			buildSettings = {
				ASSETCATALOG_COMPILER_APPICON_NAME = AppIcon;
				CODE_SIGN_STYLE = Automatic;
				DEVELOPMENT_TEAM = J36XH69Z83;
				INFOPLIST_FILE = "VirtualTourist-Udacity/Info.plist";
				LD_RUNPATH_SEARCH_PATHS = (
					"$(inherited)",
					"@executable_path/Frameworks",
				);
				PRODUCT_BUNDLE_IDENTIFIER = "com.xcodetips.VirtualTourist-Udacity";
				PRODUCT_NAME = "$(TARGET_NAME)";
				SWIFT_VERSION = 5.0;
				TARGETED_DEVICE_FAMILY = "1,2";
			};
			name = Release;
		};
/* End XCBuildConfiguration section */

/* Begin XCConfigurationList section */
		ABAB7097242196250030D85C /* Build configuration list for PBXProject "VirtualTourist-Udacity" */ = {
			isa = XCConfigurationList;
			buildConfigurations = (
				ABAB70AE242196250030D85C /* Debug */,
				ABAB70AF242196250030D85C /* Release */,
			);
			defaultConfigurationIsVisible = 0;
			defaultConfigurationName = Release;
		};
		ABAB70B0242196250030D85C /* Build configuration list for PBXNativeTarget "VirtualTourist-Udacity" */ = {
			isa = XCConfigurationList;
			buildConfigurations = (
				ABAB70B1242196250030D85C /* Debug */,
				ABAB70B2242196250030D85C /* Release */,
			);
			defaultConfigurationIsVisible = 0;
			defaultConfigurationName = Release;
		};
/* End XCConfigurationList section */

/* Begin XCVersionGroup section */
		ABAB70C42421C2E70030D85C /* VirtualTourist.xcdatamodeld */ = {
			isa = XCVersionGroup;
			children = (
				ABAB70C52421C2E70030D85C /* VirtualTourist.xcdatamodel */,
			);
			currentVersion = ABAB70C52421C2E70030D85C /* VirtualTourist.xcdatamodel */;
			path = VirtualTourist.xcdatamodeld;
			sourceTree = "<group>";
			versionGroupType = wrapper.xcdatamodel;
		};
/* End XCVersionGroup section */
	};
	rootObject = ABAB7094242196250030D85C /* Project object */;
}
